
Microsoft Visual Studio Solution File, Format Version 12.00
# Visual Studio Version 17
VisualStudioVersion = 17.6.33815.320
MinimumVisualStudioVersion = 10.0.40219.1
Project("{FAE04EC0-301F-11D3-BF4B-00C04F79EFBC}") = "TuyaCommander", "TuyaCommander\TuyaCommander.csproj", "{2700E2D5-795B-41F2-B74C-7BD2DFC54CFD}"
EndProject
Global
	GlobalSection(SolutionConfigurationPlatforms) = preSolution
		Debug|Any CPU = Debug|Any CPU
		Release|Any CPU = Release|Any CPU
	EndGlobalSection
	GlobalSection(ProjectConfigurationPlatforms) = postSolution
		{2700E2D5-795B-41F2-B74C-7BD2DFC54CFD}.Debug|Any CPU.ActiveCfg = Debug|Any CPU
		{2700E2D5-795B-41F2-B74C-7BD2DFC54CFD}.Debug|Any CPU.Build.0 = Debug|Any CPU
		{2700E2D5-795B-41F2-B74C-7BD2DFC54CFD}.Release|Any CPU.ActiveCfg = Release|Any CPU
		{2700E2D5-795B-41F2-B74C-7BD2DFC54CFD}.Release|Any CPU.Build.0 = Release|Any CPU
	EndGlobalSection
	GlobalSection(SolutionProperties) = preSolution
		HideSolutionNode = FALSE
	EndGlobalSection
	GlobalSection(ExtensibilityGlobals) = postSolution
		SolutionGuid = {DBA1DE66-D5CA-463D-9571-A61D3EACC346}
	EndGlobalSection
EndGlobal
